{
  "name": "XFA",
  "lockfileVersion": 2,
  "requires": true,
  "packages": {
    "": {
      "dependencies": {
        "truffle-plugin-verify": "^0.5.21"
      }
    },
    "node_modules/axios": {
      "version": "0.21.4",
      "resolved": "https://registry.npmjs.org/axios/-/axios-0.21.4.tgz",
      "integrity": "sha512-ut5vewkiu8jjGBdqpM44XxjuCjq9LAKeHVmoVfHVzy8eHgxxq8SbAVQNovDA8mVi05kP0Ea/n/UzcSHcTJQfNg==",
      "dependencies": {
        "follow-redirects": "^1.14.0"
      }
    },
    "node_modules/circular": {
      "version": "1.0.5",
      "resolved": "https://registry.npmjs.org/circular/-/circular-1.0.5.tgz",
      "integrity": "sha1-fad6+Yu96c5LWzWM1Va13e0tMUk="
    },
    "node_modules/cli-logger": {
      "version": "0.5.40",
      "resolved": "https://registry.npmjs.org/cli-logger/-/cli-logger-0.5.40.tgz",
      "integrity": "sha1-CX8OEbByx8aYomxH9YiinCC0iws=",
      "dependencies": {
        "circular": "^1.0.5",
        "cli-util": "~1.1.27"
      }
    },
    "node_modules/cli-regexp": {
      "version": "0.1.2",
      "resolved": "https://registry.npmjs.org/cli-regexp/-/cli-regexp-0.1.2.tgz",
      "integrity": "sha1-a82TsJ+y7RAl0woRVdWZeVSlNRI="
    },
    "node_modules/cli-util": {
      "version": "1.1.27",
      "resolved": "https://registry.npmjs.org/cli-util/-/cli-util-1.1.27.tgz",
      "integrity": "sha1-QtaeNqBAoyH8nPhRwVE8rcUJMFQ=",
      "dependencies": {
        "cli-regexp": "~0.1.0"
      }
    },
    "node_modules/delay": {
      "version": "5.0.0",
      "resolved": "https://registry.npmjs.org/delay/-/delay-5.0.0.tgz",
      "integrity": "sha512-ReEBKkIfe4ya47wlPYf/gu5ib6yUG0/Aez0JQZQz94kiWtRQvZIQbTiehsnwHvLSWJnQdhVeqYue7Id1dKr0qw==",
      "engines": {
        "node": ">=10"
      },
      "funding": {
        "url": "https://github.com/sponsors/sindresorhus"
      }
    },
    "node_modules/follow-redirects": {
      "version": "1.14.9",
      "resolved": "https://registry.npmjs.org/follow-redirects/-/follow-redirects-1.14.9.tgz",
      "integrity": "sha512-MQDfihBQYMcyy5dhRDJUHcw7lb2Pv/TuE6xP1vyraLukNDHKbDxDNaOE3NbCAdKQApno+GPRyo1YAp89yCjK4w==",
      "funding": [
        {
          "type": "individual",
          "url": "https://github.com/sponsors/RubenVerborgh"
        }
      ],
      "engines": {
        "node": ">=4.0"
      },
      "peerDependenciesMeta": {
        "debug": {
          "optional": true
        }
      }
    },
    "node_modules/querystring": {
      "version": "0.2.1",
      "resolved": "https://registry.npmjs.org/querystring/-/querystring-0.2.1.tgz",
      "integrity": "sha512-wkvS7mL/JMugcup3/rMitHmd9ecIGd2lhFhK9N3UUQ450h66d1r3Y9nvXzQAW1Lq+wyx61k/1pfKS5KuKiyEbg==",
      "deprecated": "The querystring API is considered Legacy. new code should use the URLSearchParams API instead.",
      "engines": {
        "node": ">=0.4.x"
      }
    },
    "node_modules/truffle-plugin-verify": {
      "version": "0.5.21",
      "resolved": "https://registry.npmjs.org/truffle-plugin-verify/-/truffle-plugin-verify-0.5.21.tgz",
      "integrity": "sha512-5NxJE/zgep3tWgrjrERhXPPqjB2vXekP6ovGx1AdqdZil7M7CoSWXDum/9cnHAajNJ3uYKsZugM5OoSp8o9cMg==",
      "dependencies": {
        "axios": "^0.21.1",
        "cli-logger": "^0.5.40",
        "delay": "^5.0.0",
        "querystring": "^0.2.1",
        "tunnel": "0.0.6"
      }
    },
    "node_modules/tunnel": {
      "version": "0.0.6",
      "resolved": "https://registry.npmjs.org/tunnel/-/tunnel-0.0.6.tgz",
      "integrity": "sha512-1h/Lnq9yajKY2PEbBadPXj3VxsDDu844OnaAo52UVmIzIvwwtBPIuNvkjuzBlTWpfJyUbG3ez0KSBibQkj4ojg==",
      "engines": {
        "node": ">=0.6.11 <=0.7.0 || >=0.7.3"
      }
    }
  },
  "dependencies": {
    "axios": {
      "version": "0.21.4",
      "resolved": "https://registry.npmjs.org/axios/-/axios-0.21.4.tgz",
      "integrity": "sha512-ut5vewkiu8jjGBdqpM44XxjuCjq9LAKeHVmoVfHVzy8eHgxxq8SbAVQNovDA8mVi05kP0Ea/n/UzcSHcTJQfNg==",
      "requires": {
        "follow-redirects": "^1.14.0"
      }
    },
    "circular": {
      "version": "1.0.5",
      "resolved": "https://registry.npmjs.org/circular/-/circular-1.0.5.tgz",
      "integrity": "sha1-fad6+Yu96c5LWzWM1Va13e0tMUk="
    },
    "cli-logger": {
      "version": "0.5.40",
      "resolved": "https://registry.npmjs.org/cli-logger/-/cli-logger-0.5.40.tgz",
      "integrity": "sha1-CX8OEbByx8aYomxH9YiinCC0iws=",
      "requires": {
        "circular": "^1.0.5",
        "cli-util": "~1.1.27"
      }
    },
    "cli-regexp": {
      "version": "0.1.2",
      "resolved": "https://registry.npmjs.org/cli-regexp/-/cli-regexp-0.1.2.tgz",
      "integrity": "sha1-a82TsJ+y7RAl0woRVdWZeVSlNRI="
    },
    "cli-util": {
      "version": "1.1.27",
      "resolved": "https://registry.npmjs.org/cli-util/-/cli-util-1.1.27.tgz",
      "integrity": "sha1-QtaeNqBAoyH8nPhRwVE8rcUJMFQ=",
      "requires": {
        "cli-regexp": "~0.1.0"
      }
    },
    "delay": {
      "version": "5.0.0",
      "resolved": "https://registry.npmjs.org/delay/-/delay-5.0.0.tgz",
      "integrity": "sha512-ReEBKkIfe4ya47wlPYf/gu5ib6yUG0/Aez0JQZQz94kiWtRQvZIQbTiehsnwHvLSWJnQdhVeqYue7Id1dKr0qw=="
    },
    "follow-redirects": {
      "version": "1.14.9",
      "resolved": "https://registry.npmjs.org/follow-redirects/-/follow-redirects-1.14.9.tgz",
      "integrity": "sha512-MQDfihBQYMcyy5dhRDJUHcw7lb2Pv/TuE6xP1vyraLukNDHKbDxDNaOE3NbCAdKQApno+GPRyo1YAp89yCjK4w=="
    },
    "querystring": {
      "version": "0.2.1",
      "resolved": "https://registry.npmjs.org/querystring/-/querystring-0.2.1.tgz",
      "integrity": "sha512-wkvS7mL/JMugcup3/rMitHmd9ecIGd2lhFhK9N3UUQ450h66d1r3Y9nvXzQAW1Lq+wyx61k/1pfKS5KuKiyEbg=="
    },
    "truffle-plugin-verify": {
      "version": "0.5.21",
      "resolved": "https://registry.npmjs.org/truffle-plugin-verify/-/truffle-plugin-verify-0.5.21.tgz",
      "integrity": "sha512-5NxJE/zgep3tWgrjrERhXPPqjB2vXekP6ovGx1AdqdZil7M7CoSWXDum/9cnHAajNJ3uYKsZugM5OoSp8o9cMg==",
      "requires": {
        "axios": "^0.21.1",
        "cli-logger": "^0.5.40",
        "delay": "^5.0.0",
        "querystring": "^0.2.1",
        "tunnel": "0.0.6"
      }
    },
    "tunnel": {
      "version": "0.0.6",
      "resolved": "https://registry.npmjs.org/tunnel/-/tunnel-0.0.6.tgz",
      "integrity": "sha512-1h/Lnq9yajKY2PEbBadPXj3VxsDDu844OnaAo52UVmIzIvwwtBPIuNvkjuzBlTWpfJyUbG3ez0KSBibQkj4ojg=="
    }
  }
}
